
Microsoft Visual Studio Solution File, Format Version 12.00
# Visual Studio Version 17
VisualStudioVersion = 17.7.34031.279
MinimumVisualStudioVersion = 10.0.40219.1
Project("{FAE04EC0-301F-11D3-BF4B-00C04F79EFBC}") = "InsideHouse", "InsideHouse.csproj", "{0FA88B68-2A19-48AD-A296-C59C54CB32BD}"
EndProject
Global
	GlobalSection(SolutionConfigurationPlatforms) = preSolution
		Debug|Any CPU = Debug|Any CPU
		Release|Any CPU = Release|Any CPU
	EndGlobalSection
	GlobalSection(ProjectConfigurationPlatforms) = postSolution
		{0FA88B68-2A19-48AD-A296-C59C54CB32BD}.Debug|Any CPU.ActiveCfg = Debug|Any CPU
		{0FA88B68-2A19-48AD-A296-C59C54CB32BD}.Debug|Any CPU.Build.0 = Debug|Any CPU
		{0FA88B68-2A19-48AD-A296-C59C54CB32BD}.Release|Any CPU.ActiveCfg = Release|Any CPU
		{0FA88B68-2A19-48AD-A296-C59C54CB32BD}.Release|Any CPU.Build.0 = Release|Any CPU
	EndGlobalSection
	GlobalSection(SolutionProperties) = preSolution
		HideSolutionNode = FALSE
	EndGlobalSection
	GlobalSection(ExtensibilityGlobals) = postSolution
		SolutionGuid = {8D946159-9496-4D20-9EC3-726F1EB187CC}
	EndGlobalSection
EndGlobal
