
Microsoft Visual Studio Solution File, Format Version 12.00
# Visual Studio Version 17
VisualStudioVersion = 17.7.34202.233
MinimumVisualStudioVersion = 10.0.40219.1
Project("{FAE04EC0-301F-11D3-BF4B-00C04F79EFBC}") = "TsuperMan", "TsuperMan.csproj", "{834C682F-2000-4B61-8DE1-E0C4AD7A9D7E}"
EndProject
Global
	GlobalSection(SolutionConfigurationPlatforms) = preSolution
		Debug|Any CPU = Debug|Any CPU
		Release|Any CPU = Release|Any CPU
	EndGlobalSection
	GlobalSection(ProjectConfigurationPlatforms) = postSolution
		{834C682F-2000-4B61-8DE1-E0C4AD7A9D7E}.Debug|Any CPU.ActiveCfg = Debug|Any CPU
		{834C682F-2000-4B61-8DE1-E0C4AD7A9D7E}.Debug|Any CPU.Build.0 = Debug|Any CPU
		{834C682F-2000-4B61-8DE1-E0C4AD7A9D7E}.Release|Any CPU.ActiveCfg = Release|Any CPU
		{834C682F-2000-4B61-8DE1-E0C4AD7A9D7E}.Release|Any CPU.Build.0 = Release|Any CPU
	EndGlobalSection
	GlobalSection(SolutionProperties) = preSolution
		HideSolutionNode = FALSE
	EndGlobalSection
	GlobalSection(ExtensibilityGlobals) = postSolution
		SolutionGuid = {F89B029D-8CB8-4935-9F7A-90C44770D0C2}
	EndGlobalSection
EndGlobal
